
Microsoft Visual Studio Solution File, Format Version 12.00
# Visual Studio 14
VisualStudioVersion = 14.0.23107.0
MinimumVisualStudioVersion = 10.0.40219.1
Project("{FAE04EC0-301F-11D3-BF4B-00C04F79EFBC}") = "MainApplication", "MainApplication\MainApplication.csproj", "{EF92507D-5BC3-40DD-A244-AEFE5919CE55}"
	ProjectSection(ProjectDependencies) = postProject
		{4F843421-01D4-48E8-B88B-CDF30DD671A4} = {4F843421-01D4-48E8-B88B-CDF30DD671A4}
	EndProjectSection
EndProject
Project("{2150E333-8FDC-42A3-9474-1A3956D46DE8}") = "Solution files", "Solution files", "{A610D110-D788-4F91-B33F-E3CB7652A2F3}"
	ProjectSection(SolutionItems) = preProject
		Example Song Archive.zip = Example Song Archive.zip
		GlobalAssemblyInfo.cs = GlobalAssemblyInfo.cs
		Licence.txt = Licence.txt
	EndProjectSection
EndProject
Project("{FAE04EC0-301F-11D3-BF4B-00C04F79EFBC}") = "KlocTools", "..\KlocTools\KlocTools\KlocTools.csproj", "{4F843421-01D4-48E8-B88B-CDF30DD671A4}"
EndProject
Global
	GlobalSection(SolutionConfigurationPlatforms) = preSolution
		Debug|Any CPU = Debug|Any CPU
		Debug|x86 = Debug|x86
		Release|Any CPU = Release|Any CPU
		Release|x86 = Release|x86
	EndGlobalSection
	GlobalSection(ProjectConfigurationPlatforms) = postSolution
		{EF92507D-5BC3-40DD-A244-AEFE5919CE55}.Debug|Any CPU.ActiveCfg = Debug|Any CPU
		{EF92507D-5BC3-40DD-A244-AEFE5919CE55}.Debug|Any CPU.Build.0 = Debug|Any CPU
		{EF92507D-5BC3-40DD-A244-AEFE5919CE55}.Debug|x86.ActiveCfg = Debug|x86
		{EF92507D-5BC3-40DD-A244-AEFE5919CE55}.Debug|x86.Build.0 = Debug|x86
		{EF92507D-5BC3-40DD-A244-AEFE5919CE55}.Release|Any CPU.ActiveCfg = Release|Any CPU
		{EF92507D-5BC3-40DD-A244-AEFE5919CE55}.Release|Any CPU.Build.0 = Release|Any CPU
		{EF92507D-5BC3-40DD-A244-AEFE5919CE55}.Release|x86.ActiveCfg = Release|x86
		{EF92507D-5BC3-40DD-A244-AEFE5919CE55}.Release|x86.Build.0 = Release|x86
		{4F843421-01D4-48E8-B88B-CDF30DD671A4}.Debug|Any CPU.ActiveCfg = Debug|Any CPU
		{4F843421-01D4-48E8-B88B-CDF30DD671A4}.Debug|Any CPU.Build.0 = Debug|Any CPU
		{4F843421-01D4-48E8-B88B-CDF30DD671A4}.Debug|x86.ActiveCfg = Debug|x86
		{4F843421-01D4-48E8-B88B-CDF30DD671A4}.Debug|x86.Build.0 = Debug|x86
		{4F843421-01D4-48E8-B88B-CDF30DD671A4}.Release|Any CPU.ActiveCfg = Release|Any CPU
		{4F843421-01D4-48E8-B88B-CDF30DD671A4}.Release|Any CPU.Build.0 = Release|Any CPU
		{4F843421-01D4-48E8-B88B-CDF30DD671A4}.Release|x86.ActiveCfg = Release|x86
		{4F843421-01D4-48E8-B88B-CDF30DD671A4}.Release|x86.Build.0 = Release|x86
	EndGlobalSection
	GlobalSection(SolutionProperties) = preSolution
		HideSolutionNode = FALSE
	EndGlobalSection
EndGlobal
